
Microsoft Visual Studio Solution File, Format Version 12.00
# Visual Studio Version 16
VisualStudioVersion = 16.0.31313.79
MinimumVisualStudioVersion = 10.0.40219.1
Project("{FAE04EC0-301F-11D3-BF4B-00C04F79EFBC}") = "Genshin Wishing Simulator", "Genshin Wishing Simulator\Genshin Wishing Simulator.csproj", "{5619411C-5878-4992-AA9E-46C394856B82}"
EndProject
Global
	GlobalSection(SolutionConfigurationPlatforms) = preSolution
		Debug|Any CPU = Debug|Any CPU
		Release|Any CPU = Release|Any CPU
	EndGlobalSection
	GlobalSection(ProjectConfigurationPlatforms) = postSolution
		{5619411C-5878-4992-AA9E-46C394856B82}.Debug|Any CPU.ActiveCfg = Debug|Any CPU
		{5619411C-5878-4992-AA9E-46C394856B82}.Debug|Any CPU.Build.0 = Debug|Any CPU
		{5619411C-5878-4992-AA9E-46C394856B82}.Release|Any CPU.ActiveCfg = Release|Any CPU
		{5619411C-5878-4992-AA9E-46C394856B82}.Release|Any CPU.Build.0 = Release|Any CPU
	EndGlobalSection
	GlobalSection(SolutionProperties) = preSolution
		HideSolutionNode = FALSE
	EndGlobalSection
	GlobalSection(ExtensibilityGlobals) = postSolution
		SolutionGuid = {E168B317-2365-4B6E-81F1-C2FE310FEE50}
	EndGlobalSection
EndGlobal
